
Microsoft Visual Studio Solution File, Format Version 12.00
# Visual Studio Version 17
VisualStudioVersion = 17.1.32319.34
MinimumVisualStudioVersion = 10.0.40219.1
Project("{9A19103F-16F7-4668-BE54-9A1E7A4F7556}") = "SOLID.SRP", "SOLID.SRP\SOLID.SRP.csproj", "{DA004E33-6EF1-4D03-8A98-80E20D5BCDD5}"
EndProject
Project("{FAE04EC0-301F-11D3-BF4B-00C04F79EFBC}") = "SOLID.SRP.2", "SOLID.SRP.2\SOLID.SRP.2.csproj", "{9C6D4261-9CA4-4D53-88FD-9AB96A8D2E8D}"
EndProject
Project("{FAE04EC0-301F-11D3-BF4B-00C04F79EFBC}") = "SOLID.OCP", "SOLID.OCP\SOLID.OCP.csproj", "{870CEFD5-0506-4E9F-B35B-431D39F6D400}"
EndProject
Project("{FAE04EC0-301F-11D3-BF4B-00C04F79EFBC}") = "SOLID.LSP", "SOLID.LSP\SOLID.LSP.csproj", "{74E548C7-69A5-423B-90F6-3E6069455B11}"
EndProject
Project("{FAE04EC0-301F-11D3-BF4B-00C04F79EFBC}") = "SOLID.ISP", "SOLID.ISP\SOLID.ISP.csproj", "{DF3436CF-663A-4622-879C-E661054C57A9}"
EndProject
Global
	GlobalSection(SolutionConfigurationPlatforms) = preSolution
		Debug|Any CPU = Debug|Any CPU
		Release|Any CPU = Release|Any CPU
	EndGlobalSection
	GlobalSection(ProjectConfigurationPlatforms) = postSolution
		{DA004E33-6EF1-4D03-8A98-80E20D5BCDD5}.Debug|Any CPU.ActiveCfg = Debug|Any CPU
		{DA004E33-6EF1-4D03-8A98-80E20D5BCDD5}.Debug|Any CPU.Build.0 = Debug|Any CPU
		{DA004E33-6EF1-4D03-8A98-80E20D5BCDD5}.Release|Any CPU.ActiveCfg = Release|Any CPU
		{DA004E33-6EF1-4D03-8A98-80E20D5BCDD5}.Release|Any CPU.Build.0 = Release|Any CPU
		{9C6D4261-9CA4-4D53-88FD-9AB96A8D2E8D}.Debug|Any CPU.ActiveCfg = Debug|Any CPU
		{9C6D4261-9CA4-4D53-88FD-9AB96A8D2E8D}.Debug|Any CPU.Build.0 = Debug|Any CPU
		{9C6D4261-9CA4-4D53-88FD-9AB96A8D2E8D}.Release|Any CPU.ActiveCfg = Release|Any CPU
		{9C6D4261-9CA4-4D53-88FD-9AB96A8D2E8D}.Release|Any CPU.Build.0 = Release|Any CPU
		{870CEFD5-0506-4E9F-B35B-431D39F6D400}.Debug|Any CPU.ActiveCfg = Debug|Any CPU
		{870CEFD5-0506-4E9F-B35B-431D39F6D400}.Debug|Any CPU.Build.0 = Debug|Any CPU
		{870CEFD5-0506-4E9F-B35B-431D39F6D400}.Release|Any CPU.ActiveCfg = Release|Any CPU
		{870CEFD5-0506-4E9F-B35B-431D39F6D400}.Release|Any CPU.Build.0 = Release|Any CPU
		{74E548C7-69A5-423B-90F6-3E6069455B11}.Debug|Any CPU.ActiveCfg = Debug|Any CPU
		{74E548C7-69A5-423B-90F6-3E6069455B11}.Debug|Any CPU.Build.0 = Debug|Any CPU
		{74E548C7-69A5-423B-90F6-3E6069455B11}.Release|Any CPU.ActiveCfg = Release|Any CPU
		{74E548C7-69A5-423B-90F6-3E6069455B11}.Release|Any CPU.Build.0 = Release|Any CPU
		{DF3436CF-663A-4622-879C-E661054C57A9}.Debug|Any CPU.ActiveCfg = Debug|Any CPU
		{DF3436CF-663A-4622-879C-E661054C57A9}.Debug|Any CPU.Build.0 = Debug|Any CPU
		{DF3436CF-663A-4622-879C-E661054C57A9}.Release|Any CPU.ActiveCfg = Release|Any CPU
		{DF3436CF-663A-4622-879C-E661054C57A9}.Release|Any CPU.Build.0 = Release|Any CPU
	EndGlobalSection
	GlobalSection(SolutionProperties) = preSolution
		HideSolutionNode = FALSE
	EndGlobalSection
	GlobalSection(ExtensibilityGlobals) = postSolution
		SolutionGuid = {4CCA578C-79A5-4B24-AB4B-160927E21659}
	EndGlobalSection
EndGlobal
