
Microsoft Visual Studio Solution File, Format Version 12.00
# Visual Studio Version 17
VisualStudioVersion = 17.1.32319.34
MinimumVisualStudioVersion = 10.0.40219.1
Project("{9A19103F-16F7-4668-BE54-9A1E7A4F7556}") = "SOLID.SRP", "SOLID.SRP\SOLID.SRP.csproj", "{DA004E33-6EF1-4D03-8A98-80E20D5BCDD5}"
EndProject
Project("{FAE04EC0-301F-11D3-BF4B-00C04F79EFBC}") = "SOLID.SRP.2", "SOLID.SRP.2\SOLID.SRP.2.csproj", "{9C6D4261-9CA4-4D53-88FD-9AB96A8D2E8D}"
EndProject
Project("{FAE04EC0-301F-11D3-BF4B-00C04F79EFBC}") = "SOLID.OCP", "SOLID.OCP\SOLID.OCP.csproj", "{870CEFD5-0506-4E9F-B35B-431D39F6D400}"
EndProject
Project("{FAE04EC0-301F-11D3-BF4B-00C04F79EFBC}") = "SOLID.LSP", "SOLID.LSP\SOLID.LSP.csproj", "{74E548C7-69A5-423B-90F6-3E6069455B11}"
EndProject
Project("{FAE04EC0-301F-11D3-BF4B-00C04F79EFBC}") = "SOLID.ISP", "SOLID.ISP\SOLID.ISP.csproj", "{DF3436CF-663A-4622-879C-E661054C57A9}"
EndProject
Project("{FAE04EC0-301F-11D3-BF4B-00C04F79EFBC}") = "SOLID.DIP", "SOLID.DIP\SOLID.DIP.csproj", "{7BE56721-A084-4CBD-B5A0-E44CB9C31F3C}"
EndProject
Project("{FAE04EC0-301F-11D3-BF4B-00C04F79EFBC}") = "Creational.Builder.Builder", "Creational.Builder.Builder\Creational.Builder.Builder.csproj", "{1F32C17A-3D25-4C59-8C41-38218ED22962}"
EndProject
Project("{FAE04EC0-301F-11D3-BF4B-00C04F79EFBC}") = "Creational.Builder.BuilderInheritance", "Creational.Builder.BuilderInheritance\Creational.Builder.BuilderInheritance.csproj", "{15E1A726-0427-4E7F-87E7-54D9D14F047B}"
EndProject
Project("{FAE04EC0-301F-11D3-BF4B-00C04F79EFBC}") = "Creational.Builder.StepwiseBuilder", "Creational.Builder.StepwiseBuilder\Creational.Builder.StepwiseBuilder.csproj", "{59DB1B57-AC63-4071-8DA4-9159F52162AD}"
EndProject
Project("{9A19103F-16F7-4668-BE54-9A1E7A4F7556}") = "Creational.Builder.StepwiseBuilder_2", "Creational.Builder.StepwiseBuilder_2\Creational.Builder.StepwiseBuilder_2.csproj", "{ACD5B563-670E-4BEF-9701-9AE210EA60AF}"
EndProject
Project("{9A19103F-16F7-4668-BE54-9A1E7A4F7556}") = "Creational.Builder.FunctionalBuilder", "Creational.Builder.FunctionalBuilder\Creational.Builder.FunctionalBuilder.csproj", "{E532FC97-95F7-478A-9924-F70698D81356}"
EndProject
Project("{9A19103F-16F7-4668-BE54-9A1E7A4F7556}") = "Creational.Builder.BuilderFacets", "Creational.Builder.BuilderFacets\Creational.Builder.BuilderFacets.csproj", "{5DB054D8-E373-4B43-8907-3F2A6EBF52D5}"
EndProject
Project("{FAE04EC0-301F-11D3-BF4B-00C04F79EFBC}") = "Creational.Factories.Factory", "Creational.Factories.Factory\Creational.Factories.Factory.csproj", "{26A1E65B-C800-484D-BE66-125391718CC1}"
EndProject
Project("{FAE04EC0-301F-11D3-BF4B-00C04F79EFBC}") = "Creational.Factories.Factory.ObjectTrackingAndBulkReplacement", "Creational.Factories.Factory.ObjectTrackingAndBulkReplacement\Creational.Factories.Factory.ObjectTrackingAndBulkReplacement.csproj", "{A680AEDD-DA32-41EB-A187-9C272D57EB11}"
EndProject
Project("{FAE04EC0-301F-11D3-BF4B-00C04F79EFBC}") = "Creational.Factories.Factory.AbstractFactory", "Creational.Factories.Factory.AbstractFactory\Creational.Factories.Factory.AbstractFactory.csproj", "{C6FB1F50-B8B7-4D83-A08F-6D0B1A8138B1}"
EndProject
Project("{FAE04EC0-301F-11D3-BF4B-00C04F79EFBC}") = "Creational.Factories.Factory.Exercise", "Creational.Factories.Factory.Exercise\Creational.Factories.Factory.Exercise.csproj", "{463BE171-5AC2-4F77-B33D-03AB70442604}"
EndProject
Project("{FAE04EC0-301F-11D3-BF4B-00C04F79EFBC}") = "Creational.Prototype.CopyConstructor", "Creational.Prototype.CopyConstructor\Creational.Prototype.CopyConstructor.csproj", "{6DD23995-3BDE-4795-B1D1-C6FA171EB8C4}"
EndProject
Project("{FAE04EC0-301F-11D3-BF4B-00C04F79EFBC}") = "Creational.Prototype.PrototypeInheritance", "Creational.Prototype.PrototypeInheritance\Creational.Prototype.PrototypeInheritance.csproj", "{295BCE7A-E582-4D8D-9123-5692FE022AA9}"
EndProject
Project("{FAE04EC0-301F-11D3-BF4B-00C04F79EFBC}") = "Creational.Prototype.CopyConstructor.CopyThroughSerialization", "Creational.Prototype.CopyConstructor.CopyThroughSerialization\Creational.Prototype.CopyConstructor.CopyThroughSerialization.csproj", "{13A327B5-5602-4600-80EC-6A67FC729D86}"
EndProject
Project("{FAE04EC0-301F-11D3-BF4B-00C04F79EFBC}") = "Creational.Prototype.Exercise", "Creational.Prototype.Exercise\Creational.Prototype.Exercise.csproj", "{BCD56240-046C-4488-8691-451CBB10C0C8}"
EndProject
Global
	GlobalSection(SolutionConfigurationPlatforms) = preSolution
		Debug|Any CPU = Debug|Any CPU
		Release|Any CPU = Release|Any CPU
	EndGlobalSection
	GlobalSection(ProjectConfigurationPlatforms) = postSolution
		{DA004E33-6EF1-4D03-8A98-80E20D5BCDD5}.Debug|Any CPU.ActiveCfg = Debug|Any CPU
		{DA004E33-6EF1-4D03-8A98-80E20D5BCDD5}.Debug|Any CPU.Build.0 = Debug|Any CPU
		{DA004E33-6EF1-4D03-8A98-80E20D5BCDD5}.Release|Any CPU.ActiveCfg = Release|Any CPU
		{DA004E33-6EF1-4D03-8A98-80E20D5BCDD5}.Release|Any CPU.Build.0 = Release|Any CPU
		{9C6D4261-9CA4-4D53-88FD-9AB96A8D2E8D}.Debug|Any CPU.ActiveCfg = Debug|Any CPU
		{9C6D4261-9CA4-4D53-88FD-9AB96A8D2E8D}.Debug|Any CPU.Build.0 = Debug|Any CPU
		{9C6D4261-9CA4-4D53-88FD-9AB96A8D2E8D}.Release|Any CPU.ActiveCfg = Release|Any CPU
		{9C6D4261-9CA4-4D53-88FD-9AB96A8D2E8D}.Release|Any CPU.Build.0 = Release|Any CPU
		{870CEFD5-0506-4E9F-B35B-431D39F6D400}.Debug|Any CPU.ActiveCfg = Debug|Any CPU
		{870CEFD5-0506-4E9F-B35B-431D39F6D400}.Debug|Any CPU.Build.0 = Debug|Any CPU
		{870CEFD5-0506-4E9F-B35B-431D39F6D400}.Release|Any CPU.ActiveCfg = Release|Any CPU
		{870CEFD5-0506-4E9F-B35B-431D39F6D400}.Release|Any CPU.Build.0 = Release|Any CPU
		{74E548C7-69A5-423B-90F6-3E6069455B11}.Debug|Any CPU.ActiveCfg = Debug|Any CPU
		{74E548C7-69A5-423B-90F6-3E6069455B11}.Debug|Any CPU.Build.0 = Debug|Any CPU
		{74E548C7-69A5-423B-90F6-3E6069455B11}.Release|Any CPU.ActiveCfg = Release|Any CPU
		{74E548C7-69A5-423B-90F6-3E6069455B11}.Release|Any CPU.Build.0 = Release|Any CPU
		{DF3436CF-663A-4622-879C-E661054C57A9}.Debug|Any CPU.ActiveCfg = Debug|Any CPU
		{DF3436CF-663A-4622-879C-E661054C57A9}.Debug|Any CPU.Build.0 = Debug|Any CPU
		{DF3436CF-663A-4622-879C-E661054C57A9}.Release|Any CPU.ActiveCfg = Release|Any CPU
		{DF3436CF-663A-4622-879C-E661054C57A9}.Release|Any CPU.Build.0 = Release|Any CPU
		{7BE56721-A084-4CBD-B5A0-E44CB9C31F3C}.Debug|Any CPU.ActiveCfg = Debug|Any CPU
		{7BE56721-A084-4CBD-B5A0-E44CB9C31F3C}.Debug|Any CPU.Build.0 = Debug|Any CPU
		{7BE56721-A084-4CBD-B5A0-E44CB9C31F3C}.Release|Any CPU.ActiveCfg = Release|Any CPU
		{7BE56721-A084-4CBD-B5A0-E44CB9C31F3C}.Release|Any CPU.Build.0 = Release|Any CPU
		{1F32C17A-3D25-4C59-8C41-38218ED22962}.Debug|Any CPU.ActiveCfg = Debug|Any CPU
		{1F32C17A-3D25-4C59-8C41-38218ED22962}.Debug|Any CPU.Build.0 = Debug|Any CPU
		{1F32C17A-3D25-4C59-8C41-38218ED22962}.Release|Any CPU.ActiveCfg = Release|Any CPU
		{1F32C17A-3D25-4C59-8C41-38218ED22962}.Release|Any CPU.Build.0 = Release|Any CPU
		{15E1A726-0427-4E7F-87E7-54D9D14F047B}.Debug|Any CPU.ActiveCfg = Debug|Any CPU
		{15E1A726-0427-4E7F-87E7-54D9D14F047B}.Debug|Any CPU.Build.0 = Debug|Any CPU
		{15E1A726-0427-4E7F-87E7-54D9D14F047B}.Release|Any CPU.ActiveCfg = Release|Any CPU
		{15E1A726-0427-4E7F-87E7-54D9D14F047B}.Release|Any CPU.Build.0 = Release|Any CPU
		{59DB1B57-AC63-4071-8DA4-9159F52162AD}.Debug|Any CPU.ActiveCfg = Debug|Any CPU
		{59DB1B57-AC63-4071-8DA4-9159F52162AD}.Debug|Any CPU.Build.0 = Debug|Any CPU
		{59DB1B57-AC63-4071-8DA4-9159F52162AD}.Release|Any CPU.ActiveCfg = Release|Any CPU
		{59DB1B57-AC63-4071-8DA4-9159F52162AD}.Release|Any CPU.Build.0 = Release|Any CPU
		{ACD5B563-670E-4BEF-9701-9AE210EA60AF}.Debug|Any CPU.ActiveCfg = Debug|Any CPU
		{ACD5B563-670E-4BEF-9701-9AE210EA60AF}.Debug|Any CPU.Build.0 = Debug|Any CPU
		{ACD5B563-670E-4BEF-9701-9AE210EA60AF}.Release|Any CPU.ActiveCfg = Release|Any CPU
		{ACD5B563-670E-4BEF-9701-9AE210EA60AF}.Release|Any CPU.Build.0 = Release|Any CPU
		{E532FC97-95F7-478A-9924-F70698D81356}.Debug|Any CPU.ActiveCfg = Debug|Any CPU
		{E532FC97-95F7-478A-9924-F70698D81356}.Debug|Any CPU.Build.0 = Debug|Any CPU
		{E532FC97-95F7-478A-9924-F70698D81356}.Release|Any CPU.ActiveCfg = Release|Any CPU
		{E532FC97-95F7-478A-9924-F70698D81356}.Release|Any CPU.Build.0 = Release|Any CPU
		{5DB054D8-E373-4B43-8907-3F2A6EBF52D5}.Debug|Any CPU.ActiveCfg = Debug|Any CPU
		{5DB054D8-E373-4B43-8907-3F2A6EBF52D5}.Debug|Any CPU.Build.0 = Debug|Any CPU
		{5DB054D8-E373-4B43-8907-3F2A6EBF52D5}.Release|Any CPU.ActiveCfg = Release|Any CPU
		{5DB054D8-E373-4B43-8907-3F2A6EBF52D5}.Release|Any CPU.Build.0 = Release|Any CPU
		{26A1E65B-C800-484D-BE66-125391718CC1}.Debug|Any CPU.ActiveCfg = Debug|Any CPU
		{26A1E65B-C800-484D-BE66-125391718CC1}.Debug|Any CPU.Build.0 = Debug|Any CPU
		{26A1E65B-C800-484D-BE66-125391718CC1}.Release|Any CPU.ActiveCfg = Release|Any CPU
		{26A1E65B-C800-484D-BE66-125391718CC1}.Release|Any CPU.Build.0 = Release|Any CPU
		{A680AEDD-DA32-41EB-A187-9C272D57EB11}.Debug|Any CPU.ActiveCfg = Debug|Any CPU
		{A680AEDD-DA32-41EB-A187-9C272D57EB11}.Debug|Any CPU.Build.0 = Debug|Any CPU
		{A680AEDD-DA32-41EB-A187-9C272D57EB11}.Release|Any CPU.ActiveCfg = Release|Any CPU
		{A680AEDD-DA32-41EB-A187-9C272D57EB11}.Release|Any CPU.Build.0 = Release|Any CPU
		{C6FB1F50-B8B7-4D83-A08F-6D0B1A8138B1}.Debug|Any CPU.ActiveCfg = Debug|Any CPU
		{C6FB1F50-B8B7-4D83-A08F-6D0B1A8138B1}.Debug|Any CPU.Build.0 = Debug|Any CPU
		{C6FB1F50-B8B7-4D83-A08F-6D0B1A8138B1}.Release|Any CPU.ActiveCfg = Release|Any CPU
		{C6FB1F50-B8B7-4D83-A08F-6D0B1A8138B1}.Release|Any CPU.Build.0 = Release|Any CPU
		{463BE171-5AC2-4F77-B33D-03AB70442604}.Debug|Any CPU.ActiveCfg = Debug|Any CPU
		{463BE171-5AC2-4F77-B33D-03AB70442604}.Debug|Any CPU.Build.0 = Debug|Any CPU
		{463BE171-5AC2-4F77-B33D-03AB70442604}.Release|Any CPU.ActiveCfg = Release|Any CPU
		{463BE171-5AC2-4F77-B33D-03AB70442604}.Release|Any CPU.Build.0 = Release|Any CPU
		{6DD23995-3BDE-4795-B1D1-C6FA171EB8C4}.Debug|Any CPU.ActiveCfg = Debug|Any CPU
		{6DD23995-3BDE-4795-B1D1-C6FA171EB8C4}.Debug|Any CPU.Build.0 = Debug|Any CPU
		{6DD23995-3BDE-4795-B1D1-C6FA171EB8C4}.Release|Any CPU.ActiveCfg = Release|Any CPU
		{6DD23995-3BDE-4795-B1D1-C6FA171EB8C4}.Release|Any CPU.Build.0 = Release|Any CPU
		{295BCE7A-E582-4D8D-9123-5692FE022AA9}.Debug|Any CPU.ActiveCfg = Debug|Any CPU
		{295BCE7A-E582-4D8D-9123-5692FE022AA9}.Debug|Any CPU.Build.0 = Debug|Any CPU
		{295BCE7A-E582-4D8D-9123-5692FE022AA9}.Release|Any CPU.ActiveCfg = Release|Any CPU
		{295BCE7A-E582-4D8D-9123-5692FE022AA9}.Release|Any CPU.Build.0 = Release|Any CPU
		{13A327B5-5602-4600-80EC-6A67FC729D86}.Debug|Any CPU.ActiveCfg = Debug|Any CPU
		{13A327B5-5602-4600-80EC-6A67FC729D86}.Debug|Any CPU.Build.0 = Debug|Any CPU
		{13A327B5-5602-4600-80EC-6A67FC729D86}.Release|Any CPU.ActiveCfg = Release|Any CPU
		{13A327B5-5602-4600-80EC-6A67FC729D86}.Release|Any CPU.Build.0 = Release|Any CPU
		{BCD56240-046C-4488-8691-451CBB10C0C8}.Debug|Any CPU.ActiveCfg = Debug|Any CPU
		{BCD56240-046C-4488-8691-451CBB10C0C8}.Debug|Any CPU.Build.0 = Debug|Any CPU
		{BCD56240-046C-4488-8691-451CBB10C0C8}.Release|Any CPU.ActiveCfg = Release|Any CPU
		{BCD56240-046C-4488-8691-451CBB10C0C8}.Release|Any CPU.Build.0 = Release|Any CPU
	EndGlobalSection
	GlobalSection(SolutionProperties) = preSolution
		HideSolutionNode = FALSE
	EndGlobalSection
	GlobalSection(ExtensibilityGlobals) = postSolution
		SolutionGuid = {4CCA578C-79A5-4B24-AB4B-160927E21659}
	EndGlobalSection
EndGlobal
